
Microsoft Visual Studio Solution File, Format Version 12.00
# Visual Studio Version 17
VisualStudioVersion = 17.8.34227.203
MinimumVisualStudioVersion = 10.0.40219.1
Project("{FAE04EC0-301F-11D3-BF4B-00C04F79EFBC}") = "Inventory", "Inventory\Inventory.csproj", "{76600660-3ACF-45EA-AA5F-3D4D80D3CEA3}"
EndProject
Project("{E53339B2-1760-4266-BCC7-CA923CBCF16C}") = "docker-compose", "docker-compose.dcproj", "{3E603CD3-DE15-48DF-BF19-5178007AFC3E}"
EndProject
Project("{FAE04EC0-301F-11D3-BF4B-00C04F79EFBC}") = "User", "User\User.csproj", "{C61370A2-5B44-43AD-A505-5664A9D17751}"
EndProject
Global
	GlobalSection(SolutionConfigurationPlatforms) = preSolution
		Debug|Any CPU = Debug|Any CPU
		Release|Any CPU = Release|Any CPU
	EndGlobalSection
	GlobalSection(ProjectConfigurationPlatforms) = postSolution
		{76600660-3ACF-45EA-AA5F-3D4D80D3CEA3}.Debug|Any CPU.ActiveCfg = Debug|Any CPU
		{76600660-3ACF-45EA-AA5F-3D4D80D3CEA3}.Debug|Any CPU.Build.0 = Debug|Any CPU
		{76600660-3ACF-45EA-AA5F-3D4D80D3CEA3}.Release|Any CPU.ActiveCfg = Release|Any CPU
		{76600660-3ACF-45EA-AA5F-3D4D80D3CEA3}.Release|Any CPU.Build.0 = Release|Any CPU
		{3E603CD3-DE15-48DF-BF19-5178007AFC3E}.Debug|Any CPU.ActiveCfg = Debug|Any CPU
		{3E603CD3-DE15-48DF-BF19-5178007AFC3E}.Debug|Any CPU.Build.0 = Debug|Any CPU
		{3E603CD3-DE15-48DF-BF19-5178007AFC3E}.Release|Any CPU.ActiveCfg = Release|Any CPU
		{3E603CD3-DE15-48DF-BF19-5178007AFC3E}.Release|Any CPU.Build.0 = Release|Any CPU
		{C61370A2-5B44-43AD-A505-5664A9D17751}.Debug|Any CPU.ActiveCfg = Debug|Any CPU
		{C61370A2-5B44-43AD-A505-5664A9D17751}.Debug|Any CPU.Build.0 = Debug|Any CPU
		{C61370A2-5B44-43AD-A505-5664A9D17751}.Release|Any CPU.ActiveCfg = Release|Any CPU
		{C61370A2-5B44-43AD-A505-5664A9D17751}.Release|Any CPU.Build.0 = Release|Any CPU
	EndGlobalSection
	GlobalSection(SolutionProperties) = preSolution
		HideSolutionNode = FALSE
	EndGlobalSection
	GlobalSection(ExtensibilityGlobals) = postSolution
		SolutionGuid = {889DEE35-4F7E-4E17-A5F5-38E08BE35CAE}
	EndGlobalSection
EndGlobal
